
Microsoft Visual Studio Solution File, Format Version 12.00
# Visual Studio Version 17
VisualStudioVersion = 17.14.36401.2 d17.14
MinimumVisualStudioVersion = 10.0.40219.1
Project("{FAE04EC0-301F-11D3-BF4B-00C04F79EFBC}") = "CSharp", "CSharp\CSharp.csproj", "{0CB413E7-D22E-46B7-AFE7-735C1396B28F}"
EndProject
Project("{FAE04EC0-301F-11D3-BF4B-00C04F79EFBC}") = "CSharp.MainForTests", "..\CSharp.MainForTests\CSharp.MainForTests.csproj", "{46E168B6-6F66-4453-A408-61EC12C92450}"
EndProject
Global
	GlobalSection(SolutionConfigurationPlatforms) = preSolution
		Debug|Any CPU = Debug|Any CPU
		Release|Any CPU = Release|Any CPU
	EndGlobalSection
	GlobalSection(ProjectConfigurationPlatforms) = postSolution
		{0CB413E7-D22E-46B7-AFE7-735C1396B28F}.Debug|Any CPU.ActiveCfg = Debug|Any CPU
		{0CB413E7-D22E-46B7-AFE7-735C1396B28F}.Debug|Any CPU.Build.0 = Debug|Any CPU
		{0CB413E7-D22E-46B7-AFE7-735C1396B28F}.Release|Any CPU.ActiveCfg = Release|Any CPU
		{0CB413E7-D22E-46B7-AFE7-735C1396B28F}.Release|Any CPU.Build.0 = Release|Any CPU
		{46E168B6-6F66-4453-A408-61EC12C92450}.Debug|Any CPU.ActiveCfg = Debug|Any CPU
		{46E168B6-6F66-4453-A408-61EC12C92450}.Debug|Any CPU.Build.0 = Debug|Any CPU
		{46E168B6-6F66-4453-A408-61EC12C92450}.Release|Any CPU.ActiveCfg = Release|Any CPU
		{46E168B6-6F66-4453-A408-61EC12C92450}.Release|Any CPU.Build.0 = Release|Any CPU
	EndGlobalSection
	GlobalSection(SolutionProperties) = preSolution
		HideSolutionNode = FALSE
	EndGlobalSection
	GlobalSection(ExtensibilityGlobals) = postSolution
		SolutionGuid = {36DBB932-AB14-4EBC-BCCC-F8A1CFA31284}
	EndGlobalSection
EndGlobal
