
Microsoft Visual Studio Solution File, Format Version 12.00
# Visual Studio Version 17
VisualStudioVersion = 17.14.36401.2 d17.14
MinimumVisualStudioVersion = 10.0.40219.1
Project("{FAE04EC0-301F-11D3-BF4B-00C04F79EFBC}") = "CSharp.Benchmark", "CSharp.Benchmark\CSharp.Benchmark.csproj", "{E82F3B00-C4B3-4A0E-A0B9-9647486035DD}"
EndProject
Global
	GlobalSection(SolutionConfigurationPlatforms) = preSolution
		Debug|Any CPU = Debug|Any CPU
		Release|Any CPU = Release|Any CPU
	EndGlobalSection
	GlobalSection(ProjectConfigurationPlatforms) = postSolution
		{E82F3B00-C4B3-4A0E-A0B9-9647486035DD}.Debug|Any CPU.ActiveCfg = Debug|Any CPU
		{E82F3B00-C4B3-4A0E-A0B9-9647486035DD}.Debug|Any CPU.Build.0 = Debug|Any CPU
		{E82F3B00-C4B3-4A0E-A0B9-9647486035DD}.Release|Any CPU.ActiveCfg = Release|Any CPU
		{E82F3B00-C4B3-4A0E-A0B9-9647486035DD}.Release|Any CPU.Build.0 = Release|Any CPU
	EndGlobalSection
	GlobalSection(SolutionProperties) = preSolution
		HideSolutionNode = FALSE
	EndGlobalSection
	GlobalSection(ExtensibilityGlobals) = postSolution
		SolutionGuid = {7EF29D05-B2A8-4403-B9A0-DC1AEE393A14}
	EndGlobalSection
EndGlobal
